# Review together with the recipes when updating Zotero/Gecko.
TERMUX_PACKAGES_COMMIT=bf1992f582a14e0e3487dc6b6f529e4eaf41801d
TERMUX_BUILDER_IMAGE_NAME=ghcr.io/termux/package-builder@sha256:a753715a74c288a4006d5f0bd8c3fcbc0f9ee4313460706a3b77c1a6417b7ae6
TERMUX_FIREFOX_PATCH_COMMIT=4de2f6e0d3ffc1b9b40e348e75870392479d5d94
ZOTERO_COMMIT=80bc5565e000c3f24c37e0020713a41ec9f42e09
ZOTERO_VERSION=10.0.3
GECKO_VERSION=140.15.0esr
